
Microsoft Visual Studio Solution File, Format Version 12.00
# Visual Studio Version 17
VisualStudioVersion = 17.9.34622.214
MinimumVisualStudioVersion = 10.0.40219.1
Project("{FAE04EC0-301F-11D3-BF4B-00C04F79EFBC}") = "FoodProject", "FoodProject\FoodProject.csproj", "{3835D446-B32B-4931-A220-D3DA142F2F72}"
EndProject
Project("{FAE04EC0-301F-11D3-BF4B-00C04F79EFBC}") = "JobProject", "JobProject\JobProject.csproj", "{630F8887-9750-4F07-B2CB-A7C759BE6AC1}"
EndProject
Global
	GlobalSection(SolutionConfigurationPlatforms) = preSolution
		Debug|Any CPU = Debug|Any CPU
		Release|Any CPU = Release|Any CPU
	EndGlobalSection
	GlobalSection(ProjectConfigurationPlatforms) = postSolution
		{3835D446-B32B-4931-A220-D3DA142F2F72}.Debug|Any CPU.ActiveCfg = Debug|Any CPU
		{3835D446-B32B-4931-A220-D3DA142F2F72}.Debug|Any CPU.Build.0 = Debug|Any CPU
		{3835D446-B32B-4931-A220-D3DA142F2F72}.Release|Any CPU.ActiveCfg = Release|Any CPU
		{3835D446-B32B-4931-A220-D3DA142F2F72}.Release|Any CPU.Build.0 = Release|Any CPU
		{630F8887-9750-4F07-B2CB-A7C759BE6AC1}.Debug|Any CPU.ActiveCfg = Debug|Any CPU
		{630F8887-9750-4F07-B2CB-A7C759BE6AC1}.Debug|Any CPU.Build.0 = Debug|Any CPU
		{630F8887-9750-4F07-B2CB-A7C759BE6AC1}.Release|Any CPU.ActiveCfg = Release|Any CPU
		{630F8887-9750-4F07-B2CB-A7C759BE6AC1}.Release|Any CPU.Build.0 = Release|Any CPU
	EndGlobalSection
	GlobalSection(SolutionProperties) = preSolution
		HideSolutionNode = FALSE
	EndGlobalSection
	GlobalSection(ExtensibilityGlobals) = postSolution
		SolutionGuid = {B5412F69-E4B8-4EDC-890A-828365CA048F}
	EndGlobalSection
EndGlobal
